
Microsoft Visual Studio Solution File, Format Version 12.00
# Visual Studio Version 16
VisualStudioVersion = 16.0.30611.23
MinimumVisualStudioVersion = 10.0.40219.1
Project("{FAE04EC0-301F-11D3-BF4B-00C04F79EFBC}") = "MovieWatchApp", "MovieWatchApp\MovieWatchApp.csproj", "{AD73045F-1DF7-4FCF-9084-686A1779F771}"
EndProject
Global
	GlobalSection(SolutionConfigurationPlatforms) = preSolution
		Debug|Any CPU = Debug|Any CPU
		Release|Any CPU = Release|Any CPU
	EndGlobalSection
	GlobalSection(ProjectConfigurationPlatforms) = postSolution
		{AD73045F-1DF7-4FCF-9084-686A1779F771}.Debug|Any CPU.ActiveCfg = Debug|Any CPU
		{AD73045F-1DF7-4FCF-9084-686A1779F771}.Debug|Any CPU.Build.0 = Debug|Any CPU
		{AD73045F-1DF7-4FCF-9084-686A1779F771}.Release|Any CPU.ActiveCfg = Release|Any CPU
		{AD73045F-1DF7-4FCF-9084-686A1779F771}.Release|Any CPU.Build.0 = Release|Any CPU
	EndGlobalSection
	GlobalSection(SolutionProperties) = preSolution
		HideSolutionNode = FALSE
	EndGlobalSection
	GlobalSection(ExtensibilityGlobals) = postSolution
		SolutionGuid = {6EF9D6A0-AEEE-4755-A9C8-3EE8EFBD0DC2}
	EndGlobalSection
EndGlobal
